
Microsoft Visual Studio Solution File, Format Version 12.00
# Visual Studio Version 16
VisualStudioVersion = 16.0.31019.35
MinimumVisualStudioVersion = 10.0.40219.1
Project("{FAE04EC0-301F-11D3-BF4B-00C04F79EFBC}") = "SayiTahmin", "SayiTahmin.csproj", "{AE74CA57-0750-4FE2-AFDA-F5E2D2D1B693}"
EndProject
Global
	GlobalSection(SolutionConfigurationPlatforms) = preSolution
		Debug|Any CPU = Debug|Any CPU
		Release|Any CPU = Release|Any CPU
	EndGlobalSection
	GlobalSection(ProjectConfigurationPlatforms) = postSolution
		{AE74CA57-0750-4FE2-AFDA-F5E2D2D1B693}.Debug|Any CPU.ActiveCfg = Debug|Any CPU
		{AE74CA57-0750-4FE2-AFDA-F5E2D2D1B693}.Debug|Any CPU.Build.0 = Debug|Any CPU
		{AE74CA57-0750-4FE2-AFDA-F5E2D2D1B693}.Release|Any CPU.ActiveCfg = Release|Any CPU
		{AE74CA57-0750-4FE2-AFDA-F5E2D2D1B693}.Release|Any CPU.Build.0 = Release|Any CPU
	EndGlobalSection
	GlobalSection(SolutionProperties) = preSolution
		HideSolutionNode = FALSE
	EndGlobalSection
	GlobalSection(ExtensibilityGlobals) = postSolution
		SolutionGuid = {55903063-B5F4-4E19-84AA-226BCFF24D1E}
	EndGlobalSection
EndGlobal
